
Microsoft Visual Studio Solution File, Format Version 12.00
# Visual Studio Version 17
VisualStudioVersion = 17.8.34330.188
MinimumVisualStudioVersion = 10.0.40219.1
Project("{FAE04EC0-301F-11D3-BF4B-00C04F79EFBC}") = "flashcardsCsRewrite", "flashcardsCsRewrite.csproj", "{44E195E5-9FE2-46B5-9802-01660FA86F6E}"
EndProject
Global
	GlobalSection(SolutionConfigurationPlatforms) = preSolution
		Debug|Any CPU = Debug|Any CPU
		Release|Any CPU = Release|Any CPU
	EndGlobalSection
	GlobalSection(ProjectConfigurationPlatforms) = postSolution
		{44E195E5-9FE2-46B5-9802-01660FA86F6E}.Debug|Any CPU.ActiveCfg = Debug|Any CPU
		{44E195E5-9FE2-46B5-9802-01660FA86F6E}.Debug|Any CPU.Build.0 = Debug|Any CPU
		{44E195E5-9FE2-46B5-9802-01660FA86F6E}.Release|Any CPU.ActiveCfg = Release|Any CPU
		{44E195E5-9FE2-46B5-9802-01660FA86F6E}.Release|Any CPU.Build.0 = Release|Any CPU
	EndGlobalSection
	GlobalSection(SolutionProperties) = preSolution
		HideSolutionNode = FALSE
	EndGlobalSection
	GlobalSection(ExtensibilityGlobals) = postSolution
		SolutionGuid = {14C78179-22D9-449F-8C72-9DD652D60E0E}
	EndGlobalSection
EndGlobal
